
Microsoft Visual Studio Solution File, Format Version 12.00
# Visual Studio Version 17
VisualStudioVersion = 17.3.32811.315
MinimumVisualStudioVersion = 10.0.40219.1
Project("{FAE04EC0-301F-11D3-BF4B-00C04F79EFBC}") = "BowlingScore", "BowlingScore\BowlingScore.csproj", "{7C6BF1A4-8F1A-4109-9185-FE7253493CF1}"
EndProject
Global
	GlobalSection(SolutionConfigurationPlatforms) = preSolution
		Debug|Any CPU = Debug|Any CPU
		Release|Any CPU = Release|Any CPU
	EndGlobalSection
	GlobalSection(ProjectConfigurationPlatforms) = postSolution
		{7C6BF1A4-8F1A-4109-9185-FE7253493CF1}.Debug|Any CPU.ActiveCfg = Debug|Any CPU
		{7C6BF1A4-8F1A-4109-9185-FE7253493CF1}.Debug|Any CPU.Build.0 = Debug|Any CPU
		{7C6BF1A4-8F1A-4109-9185-FE7253493CF1}.Release|Any CPU.ActiveCfg = Release|Any CPU
		{7C6BF1A4-8F1A-4109-9185-FE7253493CF1}.Release|Any CPU.Build.0 = Release|Any CPU
	EndGlobalSection
	GlobalSection(SolutionProperties) = preSolution
		HideSolutionNode = FALSE
	EndGlobalSection
	GlobalSection(ExtensibilityGlobals) = postSolution
		SolutionGuid = {EA46C3F8-2881-4A92-9899-A238A8D6BA8F}
	EndGlobalSection
EndGlobal
