
Microsoft Visual Studio Solution File, Format Version 12.00
# Visual Studio Version 17
VisualStudioVersion = 17.3.32811.315
MinimumVisualStudioVersion = 10.0.40219.1
Project("{FAE04EC0-301F-11D3-BF4B-00C04F79EFBC}") = "CapitalQuiz", "CapitalQuiz\CapitalQuiz.csproj", "{96D0F0F1-87B1-440F-8C38-4C68D4BC3BBD}"
EndProject
Global
	GlobalSection(SolutionConfigurationPlatforms) = preSolution
		Debug|Any CPU = Debug|Any CPU
		Release|Any CPU = Release|Any CPU
	EndGlobalSection
	GlobalSection(ProjectConfigurationPlatforms) = postSolution
		{96D0F0F1-87B1-440F-8C38-4C68D4BC3BBD}.Debug|Any CPU.ActiveCfg = Debug|Any CPU
		{96D0F0F1-87B1-440F-8C38-4C68D4BC3BBD}.Debug|Any CPU.Build.0 = Debug|Any CPU
		{96D0F0F1-87B1-440F-8C38-4C68D4BC3BBD}.Release|Any CPU.ActiveCfg = Release|Any CPU
		{96D0F0F1-87B1-440F-8C38-4C68D4BC3BBD}.Release|Any CPU.Build.0 = Release|Any CPU
	EndGlobalSection
	GlobalSection(SolutionProperties) = preSolution
		HideSolutionNode = FALSE
	EndGlobalSection
	GlobalSection(ExtensibilityGlobals) = postSolution
		SolutionGuid = {B3644A3E-CB4E-4A40-A9AD-243E5B830D02}
	EndGlobalSection
EndGlobal
