
Microsoft Visual Studio Solution File, Format Version 12.00
# Visual Studio Version 17
VisualStudioVersion = 17.3.32811.315
MinimumVisualStudioVersion = 10.0.40219.1
Project("{FAE04EC0-301F-11D3-BF4B-00C04F79EFBC}") = "Capital Quiz", "Capital Quiz\Capital Quiz.csproj", "{BCE727A8-5864-444A-BB15-BD9259A4F376}"
EndProject
Global
	GlobalSection(SolutionConfigurationPlatforms) = preSolution
		Debug|Any CPU = Debug|Any CPU
		Release|Any CPU = Release|Any CPU
	EndGlobalSection
	GlobalSection(ProjectConfigurationPlatforms) = postSolution
		{BCE727A8-5864-444A-BB15-BD9259A4F376}.Debug|Any CPU.ActiveCfg = Debug|Any CPU
		{BCE727A8-5864-444A-BB15-BD9259A4F376}.Debug|Any CPU.Build.0 = Debug|Any CPU
		{BCE727A8-5864-444A-BB15-BD9259A4F376}.Release|Any CPU.ActiveCfg = Release|Any CPU
		{BCE727A8-5864-444A-BB15-BD9259A4F376}.Release|Any CPU.Build.0 = Release|Any CPU
	EndGlobalSection
	GlobalSection(SolutionProperties) = preSolution
		HideSolutionNode = FALSE
	EndGlobalSection
	GlobalSection(ExtensibilityGlobals) = postSolution
		SolutionGuid = {9DD8CD62-32FE-4AB3-9B4E-F490D5BC0150}
	EndGlobalSection
EndGlobal
